
Microsoft Visual Studio Solution File, Format Version 12.00
# Visual Studio Version 16
VisualStudioVersion = 16.0.31321.278
MinimumVisualStudioVersion = 10.0.40219.1
Project("{FAE04EC0-301F-11D3-BF4B-00C04F79EFBC}") = "Loop_Smith_Luke", "Loop_Smith_Luke\Loop_Smith_Luke.csproj", "{74D57582-182C-4711-BABD-53AD8405DBD0}"
EndProject
Global
	GlobalSection(SolutionConfigurationPlatforms) = preSolution
		Debug|Any CPU = Debug|Any CPU
		Release|Any CPU = Release|Any CPU
	EndGlobalSection
	GlobalSection(ProjectConfigurationPlatforms) = postSolution
		{74D57582-182C-4711-BABD-53AD8405DBD0}.Debug|Any CPU.ActiveCfg = Debug|Any CPU
		{74D57582-182C-4711-BABD-53AD8405DBD0}.Debug|Any CPU.Build.0 = Debug|Any CPU
		{74D57582-182C-4711-BABD-53AD8405DBD0}.Release|Any CPU.ActiveCfg = Release|Any CPU
		{74D57582-182C-4711-BABD-53AD8405DBD0}.Release|Any CPU.Build.0 = Release|Any CPU
	EndGlobalSection
	GlobalSection(SolutionProperties) = preSolution
		HideSolutionNode = FALSE
	EndGlobalSection
	GlobalSection(ExtensibilityGlobals) = postSolution
		SolutionGuid = {0A26B442-B05F-448F-91F1-3350892BAD32}
	EndGlobalSection
EndGlobal
